// !$*UTF8*$!
{
	archiveVersion = 1;
	classes = {
	};
	objectVersion = 77;
	objects = {

/* Begin PBXBuildFile section */
		544EFF0D300F6529003E7F2D /* ContentView.swift in Sources */ = {isa = PBXBuildFile; fileRef = 544EFF09300F6529003E7F2D /* ContentView.swift */; };
		544EFF0E300F6529003E7F2D /* MurderRoomApp.swift in Sources */ = {isa = PBXBuildFile; fileRef = 544EFF0A300F6529003E7F2D /* MurderRoomApp.swift */; };
		544EFF0F300F6529003E7F2D /* Assets.xcassets in Resources */ = {isa = PBXBuildFile; fileRef = 544EFF08300F6529003E7F2D /* Assets.xcassets */; };
		544EFF1C300F6CF7003E7F2D /* MysteryPerson.swift in Sources */ = {isa = PBXBuildFile; fileRef = 544EFF14300F6675003E7F2D /* MysteryPerson.swift */; };
		544EFF1D300F6D07003E7F2D /* RoomObject.swift in Sources */ = {isa = PBXBuildFile; fileRef = 544EFF15300F66AF003E7F2D /* RoomObject.swift */; };
		544EFF1E300F6D0B003E7F2D /* MysteryClue.swift in Sources */ = {isa = PBXBuildFile; fileRef = 544EFF16300F670B003E7F2D /* MysteryClue.swift */; };
		544EFF1F300F6D0F003E7F2D /* MysterySolution.swift in Sources */ = {isa = PBXBuildFile; fileRef = 544EFF17300F6745003E7F2D /* MysterySolution.swift */; };
		544EFF20300F6D13003E7F2D /* MysteryCase.swift in Sources */ = {isa = PBXBuildFile; fileRef = 544EFF18300F6771003E7F2D /* MysteryCase.swift */; };
		544EFF21300F6D18003E7F2D /* MysteryDeduction.swift in Sources */ = {isa = PBXBuildFile; fileRef = 544EFF19300F67FB003E7F2D /* MysteryDeduction.swift */; };
		544EFF22300F6D1C003E7F2D /* MysteryValidationIssue.swift in Sources */ = {isa = PBXBuildFile; fileRef = 544EFF1A300F6852003E7F2D /* MysteryValidationIssue.swift */; };
		544EFF23300F6D20003E7F2D /* MysteryValidator.swift in Sources */ = {isa = PBXBuildFile; fileRef = 544EFF1B300F6863003E7F2D /* MysteryValidator.swift */; };
		544EFF25300F75DD003E7F2D /* MysteryGenerating.swift in Sources */ = {isa = PBXBuildFile; fileRef = 544EFF24300F75D5003E7F2D /* MysteryGenerating.swift */; };
		544EFF27300F7620003E7F2D /* HardcodedMysteryGenerator.swift in Sources */ = {isa = PBXBuildFile; fileRef = 544EFF26300F75E8003E7F2D /* HardcodedMysteryGenerator.swift */; };
		544EFF29300F7DFF003E7F2D /* MysteryResolution.swift in Sources */ = {isa = PBXBuildFile; fileRef = 544EFF28300F7DFB003E7F2D /* MysteryResolution.swift */; };
		544EFF2B300F832B003E7F2D /* InvestigationState.swift in Sources */ = {isa = PBXBuildFile; fileRef = 544EFF2A300F8326003E7F2D /* InvestigationState.swift */; };
		544EFF2E300F842E003E7F2D /* GameView.swift in Sources */ = {isa = PBXBuildFile; fileRef = 544EFF2D300F83F9003E7F2D /* GameView.swift */; };
		544EFF2F300F8432003E7F2D /* GameViewModel.swift in Sources */ = {isa = PBXBuildFile; fileRef = 544EFF2C300F83E9003E7F2D /* GameViewModel.swift */; };
		544EFF31300F8C44003E7F2D /* SuspectAssessment.swift in Sources */ = {isa = PBXBuildFile; fileRef = 544EFF30300F8C40003E7F2D /* SuspectAssessment.swift */; };
		5456C898300FA54A0096F572 /* CameraPicker.swift in Sources */ = {isa = PBXBuildFile; fileRef = 5456C897300FA5440096F572 /* CameraPicker.swift */; };
		5456C89A300FA8AD0096F572 /* RoomObjectRecogniser.swift in Sources */ = {isa = PBXBuildFile; fileRef = 5456C899300FA8A80096F572 /* RoomObjectRecogniser.swift */; };
		5466D33B30121058006DF879 /* RoomObjectHotspot.swift in Sources */ = {isa = PBXBuildFile; fileRef = 5466D33A30121054006DF879 /* RoomObjectHotspot.swift */; };
		5466D33D3012107D006DF879 /* HotspotPlacementView.swift in Sources */ = {isa = PBXBuildFile; fileRef = 5466D33C30121073006DF879 /* HotspotPlacementView.swift */; };
		5466D33F30121751006DF879 /* RoomPhotoInvestigationView.swift in Sources */ = {isa = PBXBuildFile; fileRef = 5466D33E3012174C006DF879 /* RoomPhotoInvestigationView.swift */; };
		5466D341301218ED006DF879 /* ObjectClueSheetView.swift in Sources */ = {isa = PBXBuildFile; fileRef = 5466D340301218E9006DF879 /* ObjectClueSheetView.swift */; };
		5466D343301225F3006DF879 /* CaseNotebookView.swift in Sources */ = {isa = PBXBuildFile; fileRef = 5466D342301225ED006DF879 /* CaseNotebookView.swift */; };
		5466D34530124A5A006DF879 /* Configuration.swift in Sources */ = {isa = PBXBuildFile; fileRef = 5466D34430124A57006DF879 /* Configuration.swift */; };
		54E4D2DB301101A10069FA50 /* AIMysteryGenerator.swift in Sources */ = {isa = PBXBuildFile; fileRef = 54E4D2DA3011019B0069FA50 /* AIMysteryGenerator.swift */; };
/* End PBXBuildFile section */

/* Begin PBXContainerItemProxy section */
		544EFEEB300F615C003E7F2D /* PBXContainerItemProxy */ = {
			isa = PBXContainerItemProxy;
			containerPortal = 544EFED5300F615B003E7F2D /* Project object */;
			proxyType = 1;
			remoteGlobalIDString = 544EFEDC300F615B003E7F2D;
			remoteInfo = MurderRoom;
		};
		544EFEF5300F615C003E7F2D /* PBXContainerItemProxy */ = {
			isa = PBXContainerItemProxy;
			containerPortal = 544EFED5300F615B003E7F2D /* Project object */;
			proxyType = 1;
			remoteGlobalIDString = 544EFEDC300F615B003E7F2D;
			remoteInfo = MurderRoom;
		};
/* End PBXContainerItemProxy section */

/* Begin PBXFileReference section */
		544EFEDD300F615B003E7F2D /* MurderRoom.app */ = {isa = PBXFileReference; explicitFileType = wrapper.application; includeInIndex = 0; path = MurderRoom.app; sourceTree = BUILT_PRODUCTS_DIR; };
		544EFEEA300F615C003E7F2D /* MurderRoomTests.xctest */ = {isa = PBXFileReference; explicitFileType = wrapper.cfbundle; includeInIndex = 0; path = MurderRoomTests.xctest; sourceTree = BUILT_PRODUCTS_DIR; };
		544EFEF4300F615C003E7F2D /* MurderRoomUITests.xctest */ = {isa = PBXFileReference; explicitFileType = wrapper.cfbundle; includeInIndex = 0; path = MurderRoomUITests.xctest; sourceTree = BUILT_PRODUCTS_DIR; };
		544EFF08300F6529003E7F2D /* Assets.xcassets */ = {isa = PBXFileReference; lastKnownFileType = folder.assetcatalog; path = Assets.xcassets; sourceTree = "<group>"; };
		544EFF09300F6529003E7F2D /* ContentView.swift */ = {isa = PBXFileReference; lastKnownFileType = sourcecode.swift; path = ContentView.swift; sourceTree = "<group>"; };
		544EFF0A300F6529003E7F2D /* MurderRoomApp.swift */ = {isa = PBXFileReference; lastKnownFileType = sourcecode.swift; path = MurderRoomApp.swift; sourceTree = "<group>"; };
		544EFF14300F6675003E7F2D /* MysteryPerson.swift */ = {isa = PBXFileReference; lastKnownFileType = sourcecode.swift; path = MysteryPerson.swift; sourceTree = "<group>"; };
		544EFF15300F66AF003E7F2D /* RoomObject.swift */ = {isa = PBXFileReference; lastKnownFileType = sourcecode.swift; path = RoomObject.swift; sourceTree = "<group>"; };
		544EFF16300F670B003E7F2D /* MysteryClue.swift */ = {isa = PBXFileReference; lastKnownFileType = sourcecode.swift; path = MysteryClue.swift; sourceTree = "<group>"; };
		544EFF17300F6745003E7F2D /* MysterySolution.swift */ = {isa = PBXFileReference; lastKnownFileType = sourcecode.swift; path = MysterySolution.swift; sourceTree = "<group>"; };
		544EFF18300F6771003E7F2D /* MysteryCase.swift */ = {isa = PBXFileReference; lastKnownFileType = sourcecode.swift; path = MysteryCase.swift; sourceTree = "<group>"; };
		544EFF19300F67FB003E7F2D /* MysteryDeduction.swift */ = {isa = PBXFileReference; lastKnownFileType = sourcecode.swift; path = MysteryDeduction.swift; sourceTree = "<group>"; };
		544EFF1A300F6852003E7F2D /* MysteryValidationIssue.swift */ = {isa = PBXFileReference; lastKnownFileType = sourcecode.swift; path = MysteryValidationIssue.swift; sourceTree = "<group>"; };
		544EFF1B300F6863003E7F2D /* MysteryValidator.swift */ = {isa = PBXFileReference; lastKnownFileType = sourcecode.swift; path = MysteryValidator.swift; sourceTree = "<group>"; };
		544EFF24300F75D5003E7F2D /* MysteryGenerating.swift */ = {isa = PBXFileReference; lastKnownFileType = sourcecode.swift; path = MysteryGenerating.swift; sourceTree = "<group>"; };
		544EFF26300F75E8003E7F2D /* HardcodedMysteryGenerator.swift */ = {isa = PBXFileReference; lastKnownFileType = sourcecode.swift; path = HardcodedMysteryGenerator.swift; sourceTree = "<group>"; };
		544EFF28300F7DFB003E7F2D /* MysteryResolution.swift */ = {isa = PBXFileReference; lastKnownFileType = sourcecode.swift; path = MysteryResolution.swift; sourceTree = "<group>"; };
		544EFF2A300F8326003E7F2D /* InvestigationState.swift */ = {isa = PBXFileReference; lastKnownFileType = sourcecode.swift; path = InvestigationState.swift; sourceTree = "<group>"; };
		544EFF2C300F83E9003E7F2D /* GameViewModel.swift */ = {isa = PBXFileReference; lastKnownFileType = sourcecode.swift; path = GameViewModel.swift; sourceTree = "<group>"; };
		544EFF2D300F83F9003E7F2D /* GameView.swift */ = {isa = PBXFileReference; lastKnownFileType = sourcecode.swift; path = GameView.swift; sourceTree = "<group>"; };
		544EFF30300F8C40003E7F2D /* SuspectAssessment.swift */ = {isa = PBXFileReference; lastKnownFileType = sourcecode.swift; path = SuspectAssessment.swift; sourceTree = "<group>"; };
		5456C897300FA5440096F572 /* CameraPicker.swift */ = {isa = PBXFileReference; lastKnownFileType = sourcecode.swift; path = CameraPicker.swift; sourceTree = "<group>"; };
		5456C899300FA8A80096F572 /* RoomObjectRecogniser.swift */ = {isa = PBXFileReference; lastKnownFileType = sourcecode.swift; path = RoomObjectRecogniser.swift; sourceTree = "<group>"; };
		5466D33A30121054006DF879 /* RoomObjectHotspot.swift */ = {isa = PBXFileReference; lastKnownFileType = sourcecode.swift; path = RoomObjectHotspot.swift; sourceTree = "<group>"; };
		5466D33C30121073006DF879 /* HotspotPlacementView.swift */ = {isa = PBXFileReference; lastKnownFileType = sourcecode.swift; path = HotspotPlacementView.swift; sourceTree = "<group>"; };
		5466D33E3012174C006DF879 /* RoomPhotoInvestigationView.swift */ = {isa = PBXFileReference; lastKnownFileType = sourcecode.swift; path = RoomPhotoInvestigationView.swift; sourceTree = "<group>"; };
		5466D340301218E9006DF879 /* ObjectClueSheetView.swift */ = {isa = PBXFileReference; lastKnownFileType = sourcecode.swift; path = ObjectClueSheetView.swift; sourceTree = "<group>"; };
		5466D342301225ED006DF879 /* CaseNotebookView.swift */ = {isa = PBXFileReference; lastKnownFileType = sourcecode.swift; path = CaseNotebookView.swift; sourceTree = "<group>"; };
		5466D34430124A57006DF879 /* Configuration.swift */ = {isa = PBXFileReference; lastKnownFileType = sourcecode.swift; path = Configuration.swift; sourceTree = "<group>"; };
		54E4D2DA3011019B0069FA50 /* AIMysteryGenerator.swift */ = {isa = PBXFileReference; lastKnownFileType = sourcecode.swift; path = AIMysteryGenerator.swift; sourceTree = "<group>"; };
		54E4D2DC3011023D0069FA50 /* Info.plist */ = {isa = PBXFileReference; lastKnownFileType = text.plist; path = Info.plist; sourceTree = "<group>"; };
/* End PBXFileReference section */

/* Begin PBXFileSystemSynchronizedRootGroup section */
		544EFEED300F615C003E7F2D /* MurderRoomTests */ = {
			isa = PBXFileSystemSynchronizedRootGroup;
			path = MurderRoomTests;
			sourceTree = "<group>";
		};
		544EFEF7300F615C003E7F2D /* MurderRoomUITests */ = {
			isa = PBXFileSystemSynchronizedRootGroup;
			path = MurderRoomUITests;
			sourceTree = "<group>";
		};
/* End PBXFileSystemSynchronizedRootGroup section */

/* Begin PBXFrameworksBuildPhase section */
		544EFEDA300F615B003E7F2D /* Frameworks */ = {
			isa = PBXFrameworksBuildPhase;
			buildActionMask = 2147483647;
			files = (
			);
			runOnlyForDeploymentPostprocessing = 0;
		};
		544EFEE7300F615C003E7F2D /* Frameworks */ = {
			isa = PBXFrameworksBuildPhase;
			buildActionMask = 2147483647;
			files = (
			);
			runOnlyForDeploymentPostprocessing = 0;
		};
		544EFEF1300F615C003E7F2D /* Frameworks */ = {
			isa = PBXFrameworksBuildPhase;
			buildActionMask = 2147483647;
			files = (
			);
			runOnlyForDeploymentPostprocessing = 0;
		};
/* End PBXFrameworksBuildPhase section */

/* Begin PBXGroup section */
		544EFED4300F615B003E7F2D = {
			isa = PBXGroup;
			children = (
				544EFF13300F660C003E7F2D /* Resources */,
				544EFF12300F6605003E7F2D /* Infrastructure */,
				544EFF11300F65F9003E7F2D /* Features */,
				544EFF10300F65F1003E7F2D /* Domain */,
				544EFF0C300F6529003E7F2D /* App */,
				544EFEED300F615C003E7F2D /* MurderRoomTests */,
				544EFEF7300F615C003E7F2D /* MurderRoomUITests */,
				544EFEDE300F615B003E7F2D /* Products */,
				544EFF0B300F6529003E7F2D /* MurderRoom */,
			);
			sourceTree = "<group>";
		};
		544EFEDE300F615B003E7F2D /* Products */ = {
			isa = PBXGroup;
			children = (
				544EFEDD300F615B003E7F2D /* MurderRoom.app */,
				544EFEEA300F615C003E7F2D /* MurderRoomTests.xctest */,
				544EFEF4300F615C003E7F2D /* MurderRoomUITests.xctest */,
			);
			name = Products;
			sourceTree = "<group>";
		};
		544EFF0B300F6529003E7F2D /* MurderRoom */ = {
			isa = PBXGroup;
			children = (
				54E4D2DC3011023D0069FA50 /* Info.plist */,
				544EFF08300F6529003E7F2D /* Assets.xcassets */,
			);
			path = MurderRoom;
			sourceTree = "<group>";
		};
		544EFF0C300F6529003E7F2D /* App */ = {
			isa = PBXGroup;
			children = (
				544EFF09300F6529003E7F2D /* ContentView.swift */,
				544EFF0A300F6529003E7F2D /* MurderRoomApp.swift */,
			);
			path = App;
			sourceTree = "<group>";
		};
		544EFF10300F65F1003E7F2D /* Domain */ = {
			isa = PBXGroup;
			children = (
				5466D342301225ED006DF879 /* CaseNotebookView.swift */,
				5466D340301218E9006DF879 /* ObjectClueSheetView.swift */,
				5466D33E3012174C006DF879 /* RoomPhotoInvestigationView.swift */,
				5466D33C30121073006DF879 /* HotspotPlacementView.swift */,
				5466D33A30121054006DF879 /* RoomObjectHotspot.swift */,
				544EFF30300F8C40003E7F2D /* SuspectAssessment.swift */,
				544EFF2A300F8326003E7F2D /* InvestigationState.swift */,
				544EFF28300F7DFB003E7F2D /* MysteryResolution.swift */,
				544EFF24300F75D5003E7F2D /* MysteryGenerating.swift */,
				544EFF1B300F6863003E7F2D /* MysteryValidator.swift */,
				544EFF1A300F6852003E7F2D /* MysteryValidationIssue.swift */,
				544EFF19300F67FB003E7F2D /* MysteryDeduction.swift */,
				544EFF18300F6771003E7F2D /* MysteryCase.swift */,
				544EFF17300F6745003E7F2D /* MysterySolution.swift */,
				544EFF16300F670B003E7F2D /* MysteryClue.swift */,
				544EFF15300F66AF003E7F2D /* RoomObject.swift */,
				544EFF14300F6675003E7F2D /* MysteryPerson.swift */,
			);
			path = Domain;
			sourceTree = "<group>";
		};
		544EFF11300F65F9003E7F2D /* Features */ = {
			isa = PBXGroup;
			children = (
				544EFF2D300F83F9003E7F2D /* GameView.swift */,
				544EFF2C300F83E9003E7F2D /* GameViewModel.swift */,
			);
			path = Features;
			sourceTree = "<group>";
		};
		544EFF12300F6605003E7F2D /* Infrastructure */ = {
			isa = PBXGroup;
			children = (
				5466D34430124A57006DF879 /* Configuration.swift */,
				54E4D2DA3011019B0069FA50 /* AIMysteryGenerator.swift */,
				5456C899300FA8A80096F572 /* RoomObjectRecogniser.swift */,
				5456C897300FA5440096F572 /* CameraPicker.swift */,
				544EFF26300F75E8003E7F2D /* HardcodedMysteryGenerator.swift */,
			);
			path = Infrastructure;
			sourceTree = "<group>";
		};
		544EFF13300F660C003E7F2D /* Resources */ = {
			isa = PBXGroup;
			children = (
			);
			path = Resources;
			sourceTree = "<group>";
		};
/* End PBXGroup section */

/* Begin PBXNativeTarget section */
		544EFEDC300F615B003E7F2D /* MurderRoom */ = {
			isa = PBXNativeTarget;
			buildConfigurationList = 544EFEFE300F615C003E7F2D /* Build configuration list for PBXNativeTarget "MurderRoom" */;
			buildPhases = (
				544EFED9300F615B003E7F2D /* Sources */,
				544EFEDA300F615B003E7F2D /* Frameworks */,
				544EFEDB300F615B003E7F2D /* Resources */,
			);
			buildRules = (
			);
			dependencies = (
			);
			name = MurderRoom;
			packageProductDependencies = (
			);
			productName = MurderRoom;
			productReference = 544EFEDD300F615B003E7F2D /* MurderRoom.app */;
			productType = "com.apple.product-type.application";
		};
		544EFEE9300F615C003E7F2D /* MurderRoomTests */ = {
			isa = PBXNativeTarget;
			buildConfigurationList = 544EFF01300F615C003E7F2D /* Build configuration list for PBXNativeTarget "MurderRoomTests" */;
			buildPhases = (
				544EFEE6300F615C003E7F2D /* Sources */,
				544EFEE7300F615C003E7F2D /* Frameworks */,
				544EFEE8300F615C003E7F2D /* Resources */,
			);
			buildRules = (
			);
			dependencies = (
				544EFEEC300F615C003E7F2D /* PBXTargetDependency */,
			);
			fileSystemSynchronizedGroups = (
				544EFEED300F615C003E7F2D /* MurderRoomTests */,
			);
			name = MurderRoomTests;
			packageProductDependencies = (
			);
			productName = MurderRoomTests;
			productReference = 544EFEEA300F615C003E7F2D /* MurderRoomTests.xctest */;
			productType = "com.apple.product-type.bundle.unit-test";
		};
		544EFEF3300F615C003E7F2D /* MurderRoomUITests */ = {
			isa = PBXNativeTarget;
			buildConfigurationList = 544EFF04300F615C003E7F2D /* Build configuration list for PBXNativeTarget "MurderRoomUITests" */;
			buildPhases = (
				544EFEF0300F615C003E7F2D /* Sources */,
				544EFEF1300F615C003E7F2D /* Frameworks */,
				544EFEF2300F615C003E7F2D /* Resources */,
			);
			buildRules = (
			);
			dependencies = (
				544EFEF6300F615C003E7F2D /* PBXTargetDependency */,
			);
			fileSystemSynchronizedGroups = (
				544EFEF7300F615C003E7F2D /* MurderRoomUITests */,
			);
			name = MurderRoomUITests;
			packageProductDependencies = (
			);
			productName = MurderRoomUITests;
			productReference = 544EFEF4300F615C003E7F2D /* MurderRoomUITests.xctest */;
			productType = "com.apple.product-type.bundle.ui-testing";
		};
/* End PBXNativeTarget section */

/* Begin PBXProject section */
		544EFED5300F615B003E7F2D /* Project object */ = {
			isa = PBXProject;
			attributes = {
				BuildIndependentTargetsInParallel = 1;
				LastSwiftUpdateCheck = 2660;
				LastUpgradeCheck = 2660;
				TargetAttributes = {
					544EFEDC300F615B003E7F2D = {
						CreatedOnToolsVersion = 26.6;
					};
					544EFEE9300F615C003E7F2D = {
						CreatedOnToolsVersion = 26.6;
						TestTargetID = 544EFEDC300F615B003E7F2D;
					};
					544EFEF3300F615C003E7F2D = {
						CreatedOnToolsVersion = 26.6;
						TestTargetID = 544EFEDC300F615B003E7F2D;
					};
				};
			};
			buildConfigurationList = 544EFED8300F615B003E7F2D /* Build configuration list for PBXProject "MurderRoom" */;
			developmentRegion = en;
			hasScannedForEncodings = 0;
			knownRegions = (
				en,
				Base,
			);
			mainGroup = 544EFED4300F615B003E7F2D;
			minimizedProjectReferenceProxies = 1;
			preferredProjectObjectVersion = 77;
			productRefGroup = 544EFEDE300F615B003E7F2D /* Products */;
			projectDirPath = "";
			projectRoot = "";
			targets = (
				544EFEDC300F615B003E7F2D /* MurderRoom */,
				544EFEE9300F615C003E7F2D /* MurderRoomTests */,
				544EFEF3300F615C003E7F2D /* MurderRoomUITests */,
			);
		};
/* End PBXProject section */

/* Begin PBXResourcesBuildPhase section */
		544EFEDB300F615B003E7F2D /* Resources */ = {
			isa = PBXResourcesBuildPhase;
			buildActionMask = 2147483647;
			files = (
				544EFF0F300F6529003E7F2D /* Assets.xcassets in Resources */,
			);
			runOnlyForDeploymentPostprocessing = 0;
		};
		544EFEE8300F615C003E7F2D /* Resources */ = {
			isa = PBXResourcesBuildPhase;
			buildActionMask = 2147483647;
			files = (
			);
			runOnlyForDeploymentPostprocessing = 0;
		};
		544EFEF2300F615C003E7F2D /* Resources */ = {
			isa = PBXResourcesBuildPhase;
			buildActionMask = 2147483647;
			files = (
			);
			runOnlyForDeploymentPostprocessing = 0;
		};
/* End PBXResourcesBuildPhase section */

/* Begin PBXSourcesBuildPhase section */
		544EFED9300F615B003E7F2D /* Sources */ = {
			isa = PBXSourcesBuildPhase;
			buildActionMask = 2147483647;
			files = (
				5466D33D3012107D006DF879 /* HotspotPlacementView.swift in Sources */,
				544EFF23300F6D20003E7F2D /* MysteryValidator.swift in Sources */,
				544EFF1E300F6D0B003E7F2D /* MysteryClue.swift in Sources */,
				5466D33F30121751006DF879 /* RoomPhotoInvestigationView.swift in Sources */,
				544EFF2B300F832B003E7F2D /* InvestigationState.swift in Sources */,
				544EFF31300F8C44003E7F2D /* SuspectAssessment.swift in Sources */,
				544EFF25300F75DD003E7F2D /* MysteryGenerating.swift in Sources */,
				5466D33B30121058006DF879 /* RoomObjectHotspot.swift in Sources */,
				544EFF2F300F8432003E7F2D /* GameViewModel.swift in Sources */,
				5466D343301225F3006DF879 /* CaseNotebookView.swift in Sources */,
				5456C89A300FA8AD0096F572 /* RoomObjectRecogniser.swift in Sources */,
				544EFF2E300F842E003E7F2D /* GameView.swift in Sources */,
				544EFF0D300F6529003E7F2D /* ContentView.swift in Sources */,
				544EFF27300F7620003E7F2D /* HardcodedMysteryGenerator.swift in Sources */,
				544EFF22300F6D1C003E7F2D /* MysteryValidationIssue.swift in Sources */,
				544EFF0E300F6529003E7F2D /* MurderRoomApp.swift in Sources */,
				544EFF1C300F6CF7003E7F2D /* MysteryPerson.swift in Sources */,
				5466D341301218ED006DF879 /* ObjectClueSheetView.swift in Sources */,
				54E4D2DB301101A10069FA50 /* AIMysteryGenerator.swift in Sources */,
				544EFF1F300F6D0F003E7F2D /* MysterySolution.swift in Sources */,
				5466D34530124A5A006DF879 /* Configuration.swift in Sources */,
				544EFF21300F6D18003E7F2D /* MysteryDeduction.swift in Sources */,
				544EFF20300F6D13003E7F2D /* MysteryCase.swift in Sources */,
				544EFF29300F7DFF003E7F2D /* MysteryResolution.swift in Sources */,
				5456C898300FA54A0096F572 /* CameraPicker.swift in Sources */,
				544EFF1D300F6D07003E7F2D /* RoomObject.swift in Sources */,
			);
			runOnlyForDeploymentPostprocessing = 0;
		};
		544EFEE6300F615C003E7F2D /* Sources */ = {
			isa = PBXSourcesBuildPhase;
			buildActionMask = 2147483647;
			files = (
			);
			runOnlyForDeploymentPostprocessing = 0;
		};
		544EFEF0300F615C003E7F2D /* Sources */ = {
			isa = PBXSourcesBuildPhase;
			buildActionMask = 2147483647;
			files = (
			);
			runOnlyForDeploymentPostprocessing = 0;
		};
/* End PBXSourcesBuildPhase section */

/* Begin PBXTargetDependency section */
		544EFEEC300F615C003E7F2D /* PBXTargetDependency */ = {
			isa = PBXTargetDependency;
			target = 544EFEDC300F615B003E7F2D /* MurderRoom */;
			targetProxy = 544EFEEB300F615C003E7F2D /* PBXContainerItemProxy */;
		};
		544EFEF6300F615C003E7F2D /* PBXTargetDependency */ = {
			isa = PBXTargetDependency;
			target = 544EFEDC300F615B003E7F2D /* MurderRoom */;
			targetProxy = 544EFEF5300F615C003E7F2D /* PBXContainerItemProxy */;
		};
/* End PBXTargetDependency section */

/* Begin XCBuildConfiguration section */
		544EFEFC300F615C003E7F2D /* Debug */ = {
			isa = XCBuildConfiguration;
			buildSettings = {
				ALWAYS_SEARCH_USER_PATHS = NO;
				ASSETCATALOG_COMPILER_GENERATE_SWIFT_ASSET_SYMBOL_EXTENSIONS = YES;
				CLANG_ANALYZER_NONNULL = YES;
				CLANG_ANALYZER_NUMBER_OBJECT_CONVERSION = YES_AGGRESSIVE;
				CLANG_CXX_LANGUAGE_STANDARD = "gnu++20";
				CLANG_ENABLE_MODULES = YES;
				CLANG_ENABLE_OBJC_ARC = YES;
				CLANG_ENABLE_OBJC_WEAK = YES;
				CLANG_WARN_BLOCK_CAPTURE_AUTORELEASING = YES;
				CLANG_WARN_BOOL_CONVERSION = YES;
				CLANG_WARN_COMMA = YES;
				CLANG_WARN_CONSTANT_CONVERSION = YES;
				CLANG_WARN_DEPRECATED_OBJC_IMPLEMENTATIONS = YES;
				CLANG_WARN_DIRECT_OBJC_ISA_USAGE = YES_ERROR;
				CLANG_WARN_DOCUMENTATION_COMMENTS = YES;
				CLANG_WARN_EMPTY_BODY = YES;
				CLANG_WARN_ENUM_CONVERSION = YES;
				CLANG_WARN_INFINITE_RECURSION = YES;
				CLANG_WARN_INT_CONVERSION = YES;
				CLANG_WARN_NON_LITERAL_NULL_CONVERSION = YES;
				CLANG_WARN_OBJC_IMPLICIT_RETAIN_SELF = YES;
				CLANG_WARN_OBJC_LITERAL_CONVERSION = YES;
				CLANG_WARN_OBJC_ROOT_CLASS = YES_ERROR;
				CLANG_WARN_QUOTED_INCLUDE_IN_FRAMEWORK_HEADER = YES;
				CLANG_WARN_RANGE_LOOP_ANALYSIS = YES;
				CLANG_WARN_STRICT_PROTOTYPES = YES;
				CLANG_WARN_SUSPICIOUS_MOVE = YES;
				CLANG_WARN_UNGUARDED_AVAILABILITY = YES_AGGRESSIVE;
				CLANG_WARN_UNREACHABLE_CODE = YES;
				CLANG_WARN__DUPLICATE_METHOD_MATCH = YES;
				COPY_PHASE_STRIP = NO;
				DEBUG_INFORMATION_FORMAT = dwarf;
				ENABLE_STRICT_OBJC_MSGSEND = YES;
				ENABLE_TESTABILITY = YES;
				ENABLE_USER_SCRIPT_SANDBOXING = YES;
				GCC_C_LANGUAGE_STANDARD = gnu17;
				GCC_DYNAMIC_NO_PIC = NO;
				GCC_NO_COMMON_BLOCKS = YES;
				GCC_OPTIMIZATION_LEVEL = 0;
				GCC_PREPROCESSOR_DEFINITIONS = (
					"DEBUG=1",
					"$(inherited)",
				);
				GCC_WARN_64_TO_32_BIT_CONVERSION = YES;
				GCC_WARN_ABOUT_RETURN_TYPE = YES_ERROR;
				GCC_WARN_UNDECLARED_SELECTOR = YES;
				GCC_WARN_UNINITIALIZED_AUTOS = YES_AGGRESSIVE;
				GCC_WARN_UNUSED_FUNCTION = YES;
				GCC_WARN_UNUSED_VARIABLE = YES;
				IPHONEOS_DEPLOYMENT_TARGET = 26.5;
				LOCALIZATION_PREFERS_STRING_CATALOGS = YES;
				MTL_ENABLE_DEBUG_INFO = INCLUDE_SOURCE;
				MTL_FAST_MATH = YES;
				ONLY_ACTIVE_ARCH = YES;
				SDKROOT = iphoneos;
				SWIFT_ACTIVE_COMPILATION_CONDITIONS = "DEBUG $(inherited)";
				SWIFT_OPTIMIZATION_LEVEL = "-Onone";
			};
			name = Debug;
		};
		544EFEFD300F615C003E7F2D /* Release */ = {
			isa = XCBuildConfiguration;
			buildSettings = {
				ALWAYS_SEARCH_USER_PATHS = NO;
				ASSETCATALOG_COMPILER_GENERATE_SWIFT_ASSET_SYMBOL_EXTENSIONS = YES;
				CLANG_ANALYZER_NONNULL = YES;
				CLANG_ANALYZER_NUMBER_OBJECT_CONVERSION = YES_AGGRESSIVE;
				CLANG_CXX_LANGUAGE_STANDARD = "gnu++20";
				CLANG_ENABLE_MODULES = YES;
				CLANG_ENABLE_OBJC_ARC = YES;
				CLANG_ENABLE_OBJC_WEAK = YES;
				CLANG_WARN_BLOCK_CAPTURE_AUTORELEASING = YES;
				CLANG_WARN_BOOL_CONVERSION = YES;
				CLANG_WARN_COMMA = YES;
				CLANG_WARN_CONSTANT_CONVERSION = YES;
				CLANG_WARN_DEPRECATED_OBJC_IMPLEMENTATIONS = YES;
				CLANG_WARN_DIRECT_OBJC_ISA_USAGE = YES_ERROR;
				CLANG_WARN_DOCUMENTATION_COMMENTS = YES;
				CLANG_WARN_EMPTY_BODY = YES;
				CLANG_WARN_ENUM_CONVERSION = YES;
				CLANG_WARN_INFINITE_RECURSION = YES;
				CLANG_WARN_INT_CONVERSION = YES;
				CLANG_WARN_NON_LITERAL_NULL_CONVERSION = YES;
				CLANG_WARN_OBJC_IMPLICIT_RETAIN_SELF = YES;
				CLANG_WARN_OBJC_LITERAL_CONVERSION = YES;
				CLANG_WARN_OBJC_ROOT_CLASS = YES_ERROR;
				CLANG_WARN_QUOTED_INCLUDE_IN_FRAMEWORK_HEADER = YES;
				CLANG_WARN_RANGE_LOOP_ANALYSIS = YES;
				CLANG_WARN_STRICT_PROTOTYPES = YES;
				CLANG_WARN_SUSPICIOUS_MOVE = YES;
				CLANG_WARN_UNGUARDED_AVAILABILITY = YES_AGGRESSIVE;
				CLANG_WARN_UNREACHABLE_CODE = YES;
				CLANG_WARN__DUPLICATE_METHOD_MATCH = YES;
				COPY_PHASE_STRIP = NO;
				DEBUG_INFORMATION_FORMAT = "dwarf-with-dsym";
				ENABLE_NS_ASSERTIONS = NO;
				ENABLE_STRICT_OBJC_MSGSEND = YES;
				ENABLE_USER_SCRIPT_SANDBOXING = YES;
				GCC_C_LANGUAGE_STANDARD = gnu17;
				GCC_NO_COMMON_BLOCKS = YES;
				GCC_WARN_64_TO_32_BIT_CONVERSION = YES;
				GCC_WARN_ABOUT_RETURN_TYPE = YES_ERROR;
				GCC_WARN_UNDECLARED_SELECTOR = YES;
				GCC_WARN_UNINITIALIZED_AUTOS = YES_AGGRESSIVE;
				GCC_WARN_UNUSED_FUNCTION = YES;
				GCC_WARN_UNUSED_VARIABLE = YES;
				IPHONEOS_DEPLOYMENT_TARGET = 26.5;
				LOCALIZATION_PREFERS_STRING_CATALOGS = YES;
				MTL_ENABLE_DEBUG_INFO = NO;
				MTL_FAST_MATH = YES;
				SDKROOT = iphoneos;
				SWIFT_COMPILATION_MODE = wholemodule;
				VALIDATE_PRODUCT = YES;
			};
			name = Release;
		};
		544EFEFF300F615C003E7F2D /* Debug */ = {
			isa = XCBuildConfiguration;
			buildSettings = {
				ASSETCATALOG_COMPILER_APPICON_NAME = AppIcon;
				ASSETCATALOG_COMPILER_GLOBAL_ACCENT_COLOR_NAME = AccentColor;
				CODE_SIGN_STYLE = Automatic;
				CURRENT_PROJECT_VERSION = 1;
				DEVELOPMENT_TEAM = 229VF74PS3;
				ENABLE_PREVIEWS = YES;
				GENERATE_INFOPLIST_FILE = YES;
				INFOPLIST_FILE = MurderRoom/Info.plist;
				INFOPLIST_KEY_NSCameraUsageDescription = "Murder Room uses your camera to turn your room into a fictional crime scene.";
				INFOPLIST_KEY_UIApplicationSceneManifest_Generation = YES;
				INFOPLIST_KEY_UIApplicationSupportsIndirectInputEvents = YES;
				INFOPLIST_KEY_UILaunchScreen_Generation = YES;
				INFOPLIST_KEY_UISupportedInterfaceOrientations_iPad = "UIInterfaceOrientationPortrait UIInterfaceOrientationPortraitUpsideDown UIInterfaceOrientationLandscapeLeft UIInterfaceOrientationLandscapeRight";
				INFOPLIST_KEY_UISupportedInterfaceOrientations_iPhone = "UIInterfaceOrientationPortrait UIInterfaceOrientationLandscapeLeft UIInterfaceOrientationLandscapeRight";
				LD_RUNPATH_SEARCH_PATHS = (
					"$(inherited)",
					"@executable_path/Frameworks",
				);
				MARKETING_VERSION = 1.0;
				PRODUCT_BUNDLE_IDENTIFIER = dev.thomaspercival.MurderRoom;
				PRODUCT_NAME = "$(TARGET_NAME)";
				STRING_CATALOG_GENERATE_SYMBOLS = YES;
				SWIFT_APPROACHABLE_CONCURRENCY = YES;
				SWIFT_DEFAULT_ACTOR_ISOLATION = MainActor;
				SWIFT_EMIT_LOC_STRINGS = YES;
				SWIFT_UPCOMING_FEATURE_MEMBER_IMPORT_VISIBILITY = YES;
				SWIFT_VERSION = 5.0;
				TARGETED_DEVICE_FAMILY = "1,2";
			};
			name = Debug;
		};
		544EFF00300F615C003E7F2D /* Release */ = {
			isa = XCBuildConfiguration;
			buildSettings = {
				ASSETCATALOG_COMPILER_APPICON_NAME = AppIcon;
				ASSETCATALOG_COMPILER_GLOBAL_ACCENT_COLOR_NAME = AccentColor;
				CODE_SIGN_STYLE = Automatic;
				CURRENT_PROJECT_VERSION = 1;
				DEVELOPMENT_TEAM = 229VF74PS3;
				ENABLE_PREVIEWS = YES;
				GENERATE_INFOPLIST_FILE = YES;
				INFOPLIST_FILE = MurderRoom/Info.plist;
				INFOPLIST_KEY_NSCameraUsageDescription = "Murder Room uses your camera to turn your room into a fictional crime scene.";
				INFOPLIST_KEY_UIApplicationSceneManifest_Generation = YES;
				INFOPLIST_KEY_UIApplicationSupportsIndirectInputEvents = YES;
				INFOPLIST_KEY_UILaunchScreen_Generation = YES;
				INFOPLIST_KEY_UISupportedInterfaceOrientations_iPad = "UIInterfaceOrientationPortrait UIInterfaceOrientationPortraitUpsideDown UIInterfaceOrientationLandscapeLeft UIInterfaceOrientationLandscapeRight";
				INFOPLIST_KEY_UISupportedInterfaceOrientations_iPhone = "UIInterfaceOrientationPortrait UIInterfaceOrientationLandscapeLeft UIInterfaceOrientationLandscapeRight";
				LD_RUNPATH_SEARCH_PATHS = (
					"$(inherited)",
					"@executable_path/Frameworks",
				);
				MARKETING_VERSION = 1.0;
				PRODUCT_BUNDLE_IDENTIFIER = dev.thomaspercival.MurderRoom;
				PRODUCT_NAME = "$(TARGET_NAME)";
				STRING_CATALOG_GENERATE_SYMBOLS = YES;
				SWIFT_APPROACHABLE_CONCURRENCY = YES;
				SWIFT_DEFAULT_ACTOR_ISOLATION = MainActor;
				SWIFT_EMIT_LOC_STRINGS = YES;
				SWIFT_UPCOMING_FEATURE_MEMBER_IMPORT_VISIBILITY = YES;
				SWIFT_VERSION = 5.0;
				TARGETED_DEVICE_FAMILY = "1,2";
			};
			name = Release;
		};
		544EFF02300F615C003E7F2D /* Debug */ = {
			isa = XCBuildConfiguration;
			buildSettings = {
				BUNDLE_LOADER = "$(TEST_HOST)";
				CODE_SIGN_STYLE = Automatic;
				CURRENT_PROJECT_VERSION = 1;
				DEVELOPMENT_TEAM = 229VF74PS3;
				GENERATE_INFOPLIST_FILE = YES;
				IPHONEOS_DEPLOYMENT_TARGET = 26.5;
				MARKETING_VERSION = 1.0;
				PRODUCT_BUNDLE_IDENTIFIER = dev.thomaspercival.MurderRoomTests;
				PRODUCT_NAME = "$(TARGET_NAME)";
				STRING_CATALOG_GENERATE_SYMBOLS = NO;
				SWIFT_APPROACHABLE_CONCURRENCY = YES;
				SWIFT_EMIT_LOC_STRINGS = NO;
				SWIFT_UPCOMING_FEATURE_MEMBER_IMPORT_VISIBILITY = YES;
				SWIFT_VERSION = 5.0;
				TARGETED_DEVICE_FAMILY = "1,2";
				TEST_HOST = "$(BUILT_PRODUCTS_DIR)/MurderRoom.app/$(BUNDLE_EXECUTABLE_FOLDER_PATH)/MurderRoom";
			};
			name = Debug;
		};
		544EFF03300F615C003E7F2D /* Release */ = {
			isa = XCBuildConfiguration;
			buildSettings = {
				BUNDLE_LOADER = "$(TEST_HOST)";
				CODE_SIGN_STYLE = Automatic;
				CURRENT_PROJECT_VERSION = 1;
				DEVELOPMENT_TEAM = 229VF74PS3;
				GENERATE_INFOPLIST_FILE = YES;
				IPHONEOS_DEPLOYMENT_TARGET = 26.5;
				MARKETING_VERSION = 1.0;
				PRODUCT_BUNDLE_IDENTIFIER = dev.thomaspercival.MurderRoomTests;
				PRODUCT_NAME = "$(TARGET_NAME)";
				STRING_CATALOG_GENERATE_SYMBOLS = NO;
				SWIFT_APPROACHABLE_CONCURRENCY = YES;
				SWIFT_EMIT_LOC_STRINGS = NO;
				SWIFT_UPCOMING_FEATURE_MEMBER_IMPORT_VISIBILITY = YES;
				SWIFT_VERSION = 5.0;
				TARGETED_DEVICE_FAMILY = "1,2";
				TEST_HOST = "$(BUILT_PRODUCTS_DIR)/MurderRoom.app/$(BUNDLE_EXECUTABLE_FOLDER_PATH)/MurderRoom";
			};
			name = Release;
		};
		544EFF05300F615C003E7F2D /* Debug */ = {
			isa = XCBuildConfiguration;
			buildSettings = {
				CODE_SIGN_STYLE = Automatic;
				CURRENT_PROJECT_VERSION = 1;
				DEVELOPMENT_TEAM = 229VF74PS3;
				GENERATE_INFOPLIST_FILE = YES;
				MARKETING_VERSION = 1.0;
				PRODUCT_BUNDLE_IDENTIFIER = dev.thomaspercival.MurderRoomUITests;
				PRODUCT_NAME = "$(TARGET_NAME)";
				STRING_CATALOG_GENERATE_SYMBOLS = NO;
				SWIFT_APPROACHABLE_CONCURRENCY = YES;
				SWIFT_EMIT_LOC_STRINGS = NO;
				SWIFT_UPCOMING_FEATURE_MEMBER_IMPORT_VISIBILITY = YES;
				SWIFT_VERSION = 5.0;
				TARGETED_DEVICE_FAMILY = "1,2";
				TEST_TARGET_NAME = MurderRoom;
			};
			name = Debug;
		};
		544EFF06300F615C003E7F2D /* Release */ = {
			isa = XCBuildConfiguration;
			buildSettings = {
				CODE_SIGN_STYLE = Automatic;
				CURRENT_PROJECT_VERSION = 1;
				DEVELOPMENT_TEAM = 229VF74PS3;
				GENERATE_INFOPLIST_FILE = YES;
				MARKETING_VERSION = 1.0;
				PRODUCT_BUNDLE_IDENTIFIER = dev.thomaspercival.MurderRoomUITests;
				PRODUCT_NAME = "$(TARGET_NAME)";
				STRING_CATALOG_GENERATE_SYMBOLS = NO;
				SWIFT_APPROACHABLE_CONCURRENCY = YES;
				SWIFT_EMIT_LOC_STRINGS = NO;
				SWIFT_UPCOMING_FEATURE_MEMBER_IMPORT_VISIBILITY = YES;
				SWIFT_VERSION = 5.0;
				TARGETED_DEVICE_FAMILY = "1,2";
				TEST_TARGET_NAME = MurderRoom;
			};
			name = Release;
		};
/* End XCBuildConfiguration section */

/* Begin XCConfigurationList section */
		544EFED8300F615B003E7F2D /* Build configuration list for PBXProject "MurderRoom" */ = {
			isa = XCConfigurationList;
			buildConfigurations = (
				544EFEFC300F615C003E7F2D /* Debug */,
				544EFEFD300F615C003E7F2D /* Release */,
			);
			defaultConfigurationIsVisible = 0;
			defaultConfigurationName = Release;
		};
		544EFEFE300F615C003E7F2D /* Build configuration list for PBXNativeTarget "MurderRoom" */ = {
			isa = XCConfigurationList;
			buildConfigurations = (
				544EFEFF300F615C003E7F2D /* Debug */,
				544EFF00300F615C003E7F2D /* Release */,
			);
			defaultConfigurationIsVisible = 0;
			defaultConfigurationName = Release;
		};
		544EFF01300F615C003E7F2D /* Build configuration list for PBXNativeTarget "MurderRoomTests" */ = {
			isa = XCConfigurationList;
			buildConfigurations = (
				544EFF02300F615C003E7F2D /* Debug */,
				544EFF03300F615C003E7F2D /* Release */,
			);
			defaultConfigurationIsVisible = 0;
			defaultConfigurationName = Release;
		};
		544EFF04300F615C003E7F2D /* Build configuration list for PBXNativeTarget "MurderRoomUITests" */ = {
			isa = XCConfigurationList;
			buildConfigurations = (
				544EFF05300F615C003E7F2D /* Debug */,
				544EFF06300F615C003E7F2D /* Release */,
			);
			defaultConfigurationIsVisible = 0;
			defaultConfigurationName = Release;
		};
/* End XCConfigurationList section */
	};
	rootObject = 544EFED5300F615B003E7F2D /* Project object */;
}
